
Microsoft Visual Studio Solution File, Format Version 12.00
# Visual Studio 15
VisualStudioVersion = 15.0.28307.779
MinimumVisualStudioVersion = 10.0.40219.1
Project("{FAE04EC0-301F-11D3-BF4B-00C04F79EFBC}") = "PropertyBag", "PropertyBag.csproj", "{475A7DC0-23E2-4E3D-9DCD-960627E054D8}"
EndProject
Project("{FAE04EC0-301F-11D3-BF4B-00C04F79EFBC}") = "WindowsFormsApp1", "..\WindowsFormsApp1\WindowsFormsApp1.csproj", "{45DC944C-D1F7-43D8-BEE5-1CA8848CF0B3}"
EndProject
Global
	GlobalSection(SolutionConfigurationPlatforms) = preSolution
		Debug|Any CPU = Debug|Any CPU
		Release|Any CPU = Release|Any CPU
	EndGlobalSection
	GlobalSection(ProjectConfigurationPlatforms) = postSolution
		{475A7DC0-23E2-4E3D-9DCD-960627E054D8}.Debug|Any CPU.ActiveCfg = Debug|Any CPU
		{475A7DC0-23E2-4E3D-9DCD-960627E054D8}.Debug|Any CPU.Build.0 = Debug|Any CPU
		{475A7DC0-23E2-4E3D-9DCD-960627E054D8}.Release|Any CPU.ActiveCfg = Release|Any CPU
		{475A7DC0-23E2-4E3D-9DCD-960627E054D8}.Release|Any CPU.Build.0 = Release|Any CPU
		{45DC944C-D1F7-43D8-BEE5-1CA8848CF0B3}.Debug|Any CPU.ActiveCfg = Debug|Any CPU
		{45DC944C-D1F7-43D8-BEE5-1CA8848CF0B3}.Debug|Any CPU.Build.0 = Debug|Any CPU
		{45DC944C-D1F7-43D8-BEE5-1CA8848CF0B3}.Release|Any CPU.ActiveCfg = Release|Any CPU
		{45DC944C-D1F7-43D8-BEE5-1CA8848CF0B3}.Release|Any CPU.Build.0 = Release|Any CPU
	EndGlobalSection
	GlobalSection(SolutionProperties) = preSolution
		HideSolutionNode = FALSE
	EndGlobalSection
	GlobalSection(ExtensibilityGlobals) = postSolution
		SolutionGuid = {09F5944B-843C-4478-9B3D-855206C772BE}
	EndGlobalSection
EndGlobal
